
Microsoft Visual Studio Solution File, Format Version 12.00
# Visual Studio Version 16
VisualStudioVersion = 16.0.31402.337
MinimumVisualStudioVersion = 10.0.40219.1
Project("{FAE04EC0-301F-11D3-BF4B-00C04F79EFBC}") = "ConsoleBankApp", "ConsoleBankApp\ConsoleBankApp.csproj", "{197AFE95-0626-49CC-8444-96DAC9D4642E}"
EndProject
Project("{FAE04EC0-301F-11D3-BF4B-00C04F79EFBC}") = "BankAppLibrary", "BankAppLibrary\BankAppLibrary.csproj", "{575F6818-3F21-4023-B7ED-50D9E5B8FD1B}"
EndProject
Global
	GlobalSection(SolutionConfigurationPlatforms) = preSolution
		Debug|Any CPU = Debug|Any CPU
		Release|Any CPU = Release|Any CPU
	EndGlobalSection
	GlobalSection(ProjectConfigurationPlatforms) = postSolution
		{197AFE95-0626-49CC-8444-96DAC9D4642E}.Debug|Any CPU.ActiveCfg = Debug|Any CPU
		{197AFE95-0626-49CC-8444-96DAC9D4642E}.Debug|Any CPU.Build.0 = Debug|Any CPU
		{197AFE95-0626-49CC-8444-96DAC9D4642E}.Release|Any CPU.ActiveCfg = Release|Any CPU
		{197AFE95-0626-49CC-8444-96DAC9D4642E}.Release|Any CPU.Build.0 = Release|Any CPU
		{575F6818-3F21-4023-B7ED-50D9E5B8FD1B}.Debug|Any CPU.ActiveCfg = Debug|Any CPU
		{575F6818-3F21-4023-B7ED-50D9E5B8FD1B}.Debug|Any CPU.Build.0 = Debug|Any CPU
		{575F6818-3F21-4023-B7ED-50D9E5B8FD1B}.Release|Any CPU.ActiveCfg = Release|Any CPU
		{575F6818-3F21-4023-B7ED-50D9E5B8FD1B}.Release|Any CPU.Build.0 = Release|Any CPU
	EndGlobalSection
	GlobalSection(SolutionProperties) = preSolution
		HideSolutionNode = FALSE
	EndGlobalSection
	GlobalSection(ExtensibilityGlobals) = postSolution
		SolutionGuid = {35A324D1-5767-43F8-8DF3-37782FD2114F}
	EndGlobalSection
EndGlobal
